
Microsoft Visual Studio Solution File, Format Version 12.00
# Visual Studio Version 17
VisualStudioVersion = 17.1.32210.238
MinimumVisualStudioVersion = 10.0.40219.1
Project("{FAE04EC0-301F-11D3-BF4B-00C04F79EFBC}") = "Api.MvcSample", "Api.MvcSample\Api.MvcSample.csproj", "{086CE769-448F-4797-B77C-DC4CA7C9F68B}"
EndProject
Global
	GlobalSection(SolutionConfigurationPlatforms) = preSolution
		Debug|Any CPU = Debug|Any CPU
		Release|Any CPU = Release|Any CPU
	EndGlobalSection
	GlobalSection(ProjectConfigurationPlatforms) = postSolution
		{086CE769-448F-4797-B77C-DC4CA7C9F68B}.Debug|Any CPU.ActiveCfg = Debug|Any CPU
		{086CE769-448F-4797-B77C-DC4CA7C9F68B}.Debug|Any CPU.Build.0 = Debug|Any CPU
		{086CE769-448F-4797-B77C-DC4CA7C9F68B}.Release|Any CPU.ActiveCfg = Release|Any CPU
		{086CE769-448F-4797-B77C-DC4CA7C9F68B}.Release|Any CPU.Build.0 = Release|Any CPU
	EndGlobalSection
	GlobalSection(SolutionProperties) = preSolution
		HideSolutionNode = FALSE
	EndGlobalSection
	GlobalSection(ExtensibilityGlobals) = postSolution
		SolutionGuid = {40E0406F-3667-4EBE-9DC8-FF00063985F4}
	EndGlobalSection
EndGlobal
